
Microsoft Visual Studio Solution File, Format Version 12.00
# Visual Studio 2013
VisualStudioVersion = 12.0.30723.0
MinimumVisualStudioVersion = 10.0.40219.1
Project("{8BC9CEB8-8B4A-11D0-8D11-00A0C91BC942}") = "Server_Common", "Server_Common\Server_Common.vcxproj", "{4AA0A558-935C-4203-94AC-2145B9C7386D}"
EndProject
Project("{8BC9CEB8-8B4A-11D0-8D11-00A0C91BC942}") = "Server_Acquisition", "Server_Acquisition\Server_Acquisition.vcxproj", "{88E4599C-4FE6-4B13-8F7C-4FEFC23F17EB}"
	ProjectSection(ProjectDependencies) = postProject
		{4AA0A558-935C-4203-94AC-2145B9C7386D} = {4AA0A558-935C-4203-94AC-2145B9C7386D}
	EndProjectSection
EndProject
Project("{8BC9CEB8-8B4A-11D0-8D11-00A0C91BC942}") = "Server_Common_Test", "Server_Common_Test\Server_Common_Test.vcxproj", "{EA635ED1-E5B7-4050-992F-2C0181F2B267}"
EndProject
Project("{8BC9CEB8-8B4A-11D0-8D11-00A0C91BC942}") = "Server_Storage", "Server_Storage\Server_Storage.vcxproj", "{2E3BF135-2954-4280-9C1D-F6DA03A7D289}"
EndProject
Global
	GlobalSection(SolutionConfigurationPlatforms) = preSolution
		Debug|Win32 = Debug|Win32
		Release|Win32 = Release|Win32
	EndGlobalSection
	GlobalSection(ProjectConfigurationPlatforms) = postSolution
		{4AA0A558-935C-4203-94AC-2145B9C7386D}.Debug|Win32.ActiveCfg = Debug|Win32
		{4AA0A558-935C-4203-94AC-2145B9C7386D}.Debug|Win32.Build.0 = Debug|Win32
		{4AA0A558-935C-4203-94AC-2145B9C7386D}.Release|Win32.ActiveCfg = Release|Win32
		{4AA0A558-935C-4203-94AC-2145B9C7386D}.Release|Win32.Build.0 = Release|Win32
		{88E4599C-4FE6-4B13-8F7C-4FEFC23F17EB}.Debug|Win32.ActiveCfg = Debug|Win32
		{88E4599C-4FE6-4B13-8F7C-4FEFC23F17EB}.Debug|Win32.Build.0 = Debug|Win32
		{88E4599C-4FE6-4B13-8F7C-4FEFC23F17EB}.Release|Win32.ActiveCfg = Release|Win32
		{88E4599C-4FE6-4B13-8F7C-4FEFC23F17EB}.Release|Win32.Build.0 = Release|Win32
		{EA635ED1-E5B7-4050-992F-2C0181F2B267}.Debug|Win32.ActiveCfg = Debug|Win32
		{EA635ED1-E5B7-4050-992F-2C0181F2B267}.Debug|Win32.Build.0 = Debug|Win32
		{EA635ED1-E5B7-4050-992F-2C0181F2B267}.Release|Win32.ActiveCfg = Release|Win32
		{EA635ED1-E5B7-4050-992F-2C0181F2B267}.Release|Win32.Build.0 = Release|Win32
		{2E3BF135-2954-4280-9C1D-F6DA03A7D289}.Debug|Win32.ActiveCfg = Debug|Win32
		{2E3BF135-2954-4280-9C1D-F6DA03A7D289}.Debug|Win32.Build.0 = Debug|Win32
		{2E3BF135-2954-4280-9C1D-F6DA03A7D289}.Release|Win32.ActiveCfg = Release|Win32
		{2E3BF135-2954-4280-9C1D-F6DA03A7D289}.Release|Win32.Build.0 = Release|Win32
	EndGlobalSection
	GlobalSection(SolutionProperties) = preSolution
		HideSolutionNode = FALSE
	EndGlobalSection
EndGlobal
