<?xml version="1.0" encoding="utf-8"?>
<Project ToolsVersion="4.0" xmlns="http://schemas.microsoft.com/developer/msbuild/2003">
  <ItemGroup>
    <Filter Include="Source Files">
      <UniqueIdentifier>{4FC737F1-C7A5-4376-A066-2A32D752A2FF}</UniqueIdentifier>
      <Extensions>cpp;c;cc;cxx;def;odl;idl;hpj;bat;asm;asmx</Extensions>
    </Filter>
    <Filter Include="Header Files">
      <UniqueIdentifier>{93995380-89BD-4b04-88EB-625FBE52EBFB}</UniqueIdentifier>
      <Extensions>h;hh;hpp;hxx;hm;inl;inc;xsd</Extensions>
    </Filter>
    <Filter Include="Resource Files">
      <UniqueIdentifier>{67DA6AB6-F800-4c08-8B7A-83BB121AAD01}</UniqueIdentifier>
      <Extensions>rc;ico;cur;bmp;dlg;rc2;rct;bin;rgs;gif;jpg;jpeg;jpe;resx;tiff;tif;png;wav;mfcribbon-ms</Extensions>
    </Filter>
    <Filter Include="Header Files\net">
      <UniqueIdentifier>{e7771cb6-5dc3-4e46-903c-3c239ec9b03a}</UniqueIdentifier>
    </Filter>
    <Filter Include="Source Files\net">
      <UniqueIdentifier>{3dea455a-a69b-4fff-b0bc-877b811ad0b2}</UniqueIdentifier>
    </Filter>
    <Filter Include="Source Files\py">
      <UniqueIdentifier>{88464200-8cc1-4370-8a4b-af25491547c0}</UniqueIdentifier>
    </Filter>
    <Filter Include="Header Files\db">
      <UniqueIdentifier>{7e4b869b-cb79-45a5-8a68-2ca2ce1db3c2}</UniqueIdentifier>
    </Filter>
    <Filter Include="Header Files\py">
      <UniqueIdentifier>{e64461dd-3884-4706-b85b-48f106fa5eb7}</UniqueIdentifier>
    </Filter>
    <Filter Include="Source Files\db">
      <UniqueIdentifier>{848f742a-4a75-477d-a51c-23c85f869e76}</UniqueIdentifier>
    </Filter>
  </ItemGroup>
  <ItemGroup>
    <ClCompile Include="src\main.cpp">
      <Filter>Source Files</Filter>
    </ClCompile>
    <ClCompile Include="src\settings.cpp">
      <Filter>Source Files</Filter>
    </ClCompile>
    <ClCompile Include="src\net_get_requests.cpp">
      <Filter>Source Files\net</Filter>
    </ClCompile>
    <ClCompile Include="src\net_request_factory.cpp">
      <Filter>Source Files\net</Filter>
    </ClCompile>
    <ClCompile Include="src\py_parse_script.cpp">
      <Filter>Source Files\py</Filter>
    </ClCompile>
    <ClCompile Include="src\py_script_storage.cpp">
      <Filter>Source Files\py</Filter>
    </ClCompile>
    <ClCompile Include="src\db_mongo_handler.cpp">
      <Filter>Source Files\db</Filter>
    </ClCompile>
  </ItemGroup>
  <ItemGroup>
    <ClInclude Include="src\settings.hpp">
      <Filter>Header Files</Filter>
    </ClInclude>
    <ClInclude Include="src\net_request_factory.hpp">
      <Filter>Header Files\net</Filter>
    </ClInclude>
    <ClInclude Include="src\net_http_server.hpp">
      <Filter>Header Files\net</Filter>
    </ClInclude>
    <ClInclude Include="src\net_get_requests.hpp">
      <Filter>Header Files\net</Filter>
    </ClInclude>
    <ClInclude Include="src\db_mongo_handler.hpp">
      <Filter>Header Files\db</Filter>
    </ClInclude>
    <ClInclude Include="src\db_constant.hpp">
      <Filter>Header Files\db</Filter>
    </ClInclude>
    <ClInclude Include="src\py_parse_script.hpp">
      <Filter>Header Files\py</Filter>
    </ClInclude>
    <ClInclude Include="src\py_script_storage.hpp">
      <Filter>Header Files\py</Filter>
    </ClInclude>
    <ClInclude Include="src\acquisition.hpp">
      <Filter>Header Files</Filter>
    </ClInclude>
  </ItemGroup>
</Project>