<?xml version="1.0" encoding="utf-8"?>
<Project ToolsVersion="4.0" xmlns="http://schemas.microsoft.com/developer/msbuild/2003">
  <ItemGroup>
    <Filter Include="Source Files">
      <UniqueIdentifier>{4FC737F1-C7A5-4376-A066-2A32D752A2FF}</UniqueIdentifier>
      <Extensions>cpp;c;cc;cxx;def;odl;idl;hpj;bat;asm;asmx</Extensions>
    </Filter>
    <Filter Include="Header Files">
      <UniqueIdentifier>{93995380-89BD-4b04-88EB-625FBE52EBFB}</UniqueIdentifier>
      <Extensions>h;hpp;hxx;hm;inl;inc;xsd</Extensions>
    </Filter>
    <Filter Include="Resource Files">
      <UniqueIdentifier>{67DA6AB6-F800-4c08-8B7A-83BB121AAD01}</UniqueIdentifier>
      <Extensions>rc;ico;cur;bmp;dlg;rc2;rct;bin;rgs;gif;jpg;jpeg;jpe;resx;tiff;tif;png;wav;mfcribbon-ms</Extensions>
    </Filter>
    <Filter Include="Resource Files\config">
      <UniqueIdentifier>{4cc2573d-3055-447e-aa3b-20913d97422c}</UniqueIdentifier>
    </Filter>
  </ItemGroup>
  <ItemGroup>
    <ClCompile Include="src\acquisition_config.cpp">
      <Filter>Source Files</Filter>
    </ClCompile>
    <ClCompile Include="src\acquisition_http_connector.cpp">
      <Filter>Source Files</Filter>
    </ClCompile>
    <ClCompile Include="src\acquisition_json_util.cpp">
      <Filter>Source Files</Filter>
    </ClCompile>
    <ClCompile Include="src\acquisition_scheduler.cpp">
      <Filter>Source Files</Filter>
    </ClCompile>
    <ClCompile Include="src\acquisition_task.cpp">
      <Filter>Source Files</Filter>
    </ClCompile>
    <ClCompile Include="src\aggregation_config.cpp">
      <Filter>Source Files</Filter>
    </ClCompile>
    <ClCompile Include="src\aggregation_engine.cpp">
      <Filter>Source Files</Filter>
    </ClCompile>
    <ClCompile Include="src\aggregation_py_operation_mgr.cpp">
      <Filter>Source Files</Filter>
    </ClCompile>
    <ClCompile Include="src\aggregation_scheduler.cpp">
      <Filter>Source Files</Filter>
    </ClCompile>
    <ClCompile Include="src\aggregation_task_base.cpp">
      <Filter>Source Files</Filter>
    </ClCompile>
    <ClCompile Include="src\aggregation_task_factory.cpp">
      <Filter>Source Files</Filter>
    </ClCompile>
    <ClCompile Include="src\aggregation_task_initial.cpp">
      <Filter>Source Files</Filter>
    </ClCompile>
    <ClCompile Include="src\aggregation_task_regular.cpp">
      <Filter>Source Files</Filter>
    </ClCompile>
    <ClCompile Include="src\aggregation_util.cpp">
      <Filter>Source Files</Filter>
    </ClCompile>
    <ClCompile Include="src\analysis_operation_mgr.cpp">
      <Filter>Source Files</Filter>
    </ClCompile>
    <ClCompile Include="src\db_aggregate.cpp">
      <Filter>Source Files</Filter>
    </ClCompile>
    <ClCompile Include="src\db_storage.cpp">
      <Filter>Source Files</Filter>
    </ClCompile>
    <ClCompile Include="src\replication_batch_manager.cpp">
      <Filter>Source Files</Filter>
    </ClCompile>
    <ClCompile Include="src\rest_csv_cookbook.cpp">
      <Filter>Source Files</Filter>
    </ClCompile>
    <ClCompile Include="src\rest_json_cookbook.cpp">
      <Filter>Source Files</Filter>
    </ClCompile>
    <ClCompile Include="src\rest_request_factory.cpp">
      <Filter>Source Files</Filter>
    </ClCompile>
    <ClCompile Include="src\rest_request_get_aggregate.cpp">
      <Filter>Source Files</Filter>
    </ClCompile>
    <ClCompile Include="src\rest_request_get_export.cpp">
      <Filter>Source Files</Filter>
    </ClCompile>
    <ClCompile Include="src\rest_request_get_info.cpp">
      <Filter>Source Files</Filter>
    </ClCompile>
    <ClCompile Include="src\rest_request_get_meteo.cpp">
      <Filter>Source Files</Filter>
    </ClCompile>
    <ClCompile Include="src\rest_request_get_metrics.cpp">
      <Filter>Source Files</Filter>
    </ClCompile>
    <ClCompile Include="src\rest_request_get_operation.cpp">
      <Filter>Source Files</Filter>
    </ClCompile>
    <ClCompile Include="src\rest_request_get_period.cpp">
      <Filter>Source Files</Filter>
    </ClCompile>
    <ClCompile Include="src\rest_request_get_station.cpp">
      <Filter>Source Files</Filter>
    </ClCompile>
    <ClCompile Include="src\rest_service.cpp">
      <Filter>Source Files</Filter>
    </ClCompile>
    <ClCompile Include="src\storage_and_aggregation.cpp">
      <Filter>Source Files</Filter>
    </ClCompile>
  </ItemGroup>
  <ItemGroup>
    <ClInclude Include="src\acquisition_config.h">
      <Filter>Header Files</Filter>
    </ClInclude>
    <ClInclude Include="src\acquisition_http_connector.h">
      <Filter>Header Files</Filter>
    </ClInclude>
    <ClInclude Include="src\acquisition_json_util.h">
      <Filter>Header Files</Filter>
    </ClInclude>
    <ClInclude Include="src\acquisition_scheduler.h">
      <Filter>Header Files</Filter>
    </ClInclude>
    <ClInclude Include="src\acquisition_setting.h">
      <Filter>Header Files</Filter>
    </ClInclude>
    <ClInclude Include="src\acquisition_task.h">
      <Filter>Header Files</Filter>
    </ClInclude>
    <ClInclude Include="src\aggregation_config.h">
      <Filter>Header Files</Filter>
    </ClInclude>
    <ClInclude Include="src\aggregation_engine.h">
      <Filter>Header Files</Filter>
    </ClInclude>
    <ClInclude Include="src\aggregation_entity_aggregate.h">
      <Filter>Header Files</Filter>
    </ClInclude>
    <ClInclude Include="src\aggregation_entity_operation.h">
      <Filter>Header Files</Filter>
    </ClInclude>
    <ClInclude Include="src\aggregation_entity_period.h">
      <Filter>Header Files</Filter>
    </ClInclude>
    <ClInclude Include="src\aggregation_entity_task.h">
      <Filter>Header Files</Filter>
    </ClInclude>
    <ClInclude Include="src\aggregation_scheduler.h">
      <Filter>Header Files</Filter>
    </ClInclude>
    <ClInclude Include="src\aggregation_setting.h">
      <Filter>Header Files</Filter>
    </ClInclude>
    <ClInclude Include="src\aggregation_task_base.h">
      <Filter>Header Files</Filter>
    </ClInclude>
    <ClInclude Include="src\aggregation_task_factory.h">
      <Filter>Header Files</Filter>
    </ClInclude>
    <ClInclude Include="src\aggregation_task_initial.h">
      <Filter>Header Files</Filter>
    </ClInclude>
    <ClInclude Include="src\aggregation_task_regular.h">
      <Filter>Header Files</Filter>
    </ClInclude>
    <ClInclude Include="src\aggregation_util.h">
      <Filter>Header Files</Filter>
    </ClInclude>
    <ClInclude Include="src\analysis_operation_mgr.h">
      <Filter>Header Files</Filter>
    </ClInclude>
    <ClInclude Include="src\db_aggregate.h">
      <Filter>Header Files</Filter>
    </ClInclude>
    <ClInclude Include="src\db_storage.h">
      <Filter>Header Files</Filter>
    </ClInclude>
    <ClInclude Include="src\replication_batch.h">
      <Filter>Header Files</Filter>
    </ClInclude>
    <ClInclude Include="src\replication_batch_manager.h">
      <Filter>Header Files</Filter>
    </ClInclude>
    <ClInclude Include="src\rest_csv_cookbook.h">
      <Filter>Header Files</Filter>
    </ClInclude>
    <ClInclude Include="src\rest_json_cookbook.h">
      <Filter>Header Files</Filter>
    </ClInclude>
    <ClInclude Include="src\rest_request_factory.h">
      <Filter>Header Files</Filter>
    </ClInclude>
    <ClInclude Include="src\rest_request_get_aggregate.h">
      <Filter>Header Files</Filter>
    </ClInclude>
    <ClInclude Include="src\rest_request_get_export.h">
      <Filter>Header Files</Filter>
    </ClInclude>
    <ClInclude Include="src\rest_request_get_info.h">
      <Filter>Header Files</Filter>
    </ClInclude>
    <ClInclude Include="src\rest_request_get_meteo.h">
      <Filter>Header Files</Filter>
    </ClInclude>
    <ClInclude Include="src\rest_request_get_metrics.h">
      <Filter>Header Files</Filter>
    </ClInclude>
    <ClInclude Include="src\rest_request_get_operation.h">
      <Filter>Header Files</Filter>
    </ClInclude>
    <ClInclude Include="src\rest_request_get_period.h">
      <Filter>Header Files</Filter>
    </ClInclude>
    <ClInclude Include="src\rest_request_get_station.h">
      <Filter>Header Files</Filter>
    </ClInclude>
    <ClInclude Include="src\rest_service.h">
      <Filter>Header Files</Filter>
    </ClInclude>
  </ItemGroup>
  <ItemGroup>
    <None Include="config\acquisition_servers.yaml">
      <Filter>Resource Files\config</Filter>
    </None>
    <None Include="config\aggregation.yaml">
      <Filter>Resource Files\config</Filter>
    </None>
    <None Include="config\aggregation_database.yaml">
      <Filter>Resource Files\config</Filter>
    </None>
    <None Include="config\storage_database.yaml">
      <Filter>Resource Files\config</Filter>
    </None>
  </ItemGroup>
</Project>